// !$*UTF8*$!
{
	archiveVersion = 1;
	classes = {
	};
	objectVersion = 56;
	objects = {

/* Begin PBXBuildFile section */
		A50ED9A12BF239F800C7AE21 /* WeatherSwiftUIApp.swift in Sources */ = {isa = PBXBuildFile; fileRef = A50ED9A02BF239F800C7AE21 /* WeatherSwiftUIApp.swift */; };
		A50ED9A32BF239F800C7AE21 /* ContentView.swift in Sources */ = {isa = PBXBuildFile; fileRef = A50ED9A22BF239F800C7AE21 /* ContentView.swift */; };
		A50ED9A52BF239FB00C7AE21 /* Assets.xcassets in Resources */ = {isa = PBXBuildFile; fileRef = A50ED9A42BF239FB00C7AE21 /* Assets.xcassets */; };
		A50ED9A82BF239FB00C7AE21 /* Preview Assets.xcassets in Resources */ = {isa = PBXBuildFile; fileRef = A50ED9A72BF239FB00C7AE21 /* Preview Assets.xcassets */; };
		A50ED9B22BF239FB00C7AE21 /* WeatherSwiftUITests.swift in Sources */ = {isa = PBXBuildFile; fileRef = A50ED9B12BF239FB00C7AE21 /* WeatherSwiftUITests.swift */; };
		A50ED9BC2BF239FB00C7AE21 /* WeatherSwiftUIUITests.swift in Sources */ = {isa = PBXBuildFile; fileRef = A50ED9BB2BF239FB00C7AE21 /* WeatherSwiftUIUITests.swift */; };
		A50ED9BE2BF239FB00C7AE21 /* WeatherSwiftUIUITestsLaunchTests.swift in Sources */ = {isa = PBXBuildFile; fileRef = A50ED9BD2BF239FB00C7AE21 /* WeatherSwiftUIUITestsLaunchTests.swift */; };
		A5104FFE2BF26AA700417FFB /* CommonView.swift in Sources */ = {isa = PBXBuildFile; fileRef = A5104FFD2BF26AA700417FFB /* CommonView.swift */; };
		A59B6ABF2BF511A1004348E2 /* TodayForecastView.swift in Sources */ = {isa = PBXBuildFile; fileRef = A59B6ABE2BF511A1004348E2 /* TodayForecastView.swift */; };
		A5C005DA2BF6A1E200C1D0DA /* HourlyForecastViewModel.swift in Sources */ = {isa = PBXBuildFile; fileRef = A5C005D92BF6A1E200C1D0DA /* HourlyForecastViewModel.swift */; };
/* End PBXBuildFile section */

/* Begin PBXContainerItemProxy section */
		A50ED9AE2BF239FB00C7AE21 /* PBXContainerItemProxy */ = {
			isa = PBXContainerItemProxy;
			containerPortal = A50ED9952BF239F800C7AE21 /* Project object */;
			proxyType = 1;
			remoteGlobalIDString = A50ED99C2BF239F800C7AE21;
			remoteInfo = WeatherSwiftUI;
		};
		A50ED9B82BF239FB00C7AE21 /* PBXContainerItemProxy */ = {
			isa = PBXContainerItemProxy;
			containerPortal = A50ED9952BF239F800C7AE21 /* Project object */;
			proxyType = 1;
			remoteGlobalIDString = A50ED99C2BF239F800C7AE21;
			remoteInfo = WeatherSwiftUI;
		};
/* End PBXContainerItemProxy section */

/* Begin PBXFileReference section */
		A50ED99D2BF239F800C7AE21 /* WeatherSwiftUI.app */ = {isa = PBXFileReference; explicitFileType = wrapper.application; includeInIndex = 0; path = WeatherSwiftUI.app; sourceTree = BUILT_PRODUCTS_DIR; };
		A50ED9A02BF239F800C7AE21 /* WeatherSwiftUIApp.swift */ = {isa = PBXFileReference; lastKnownFileType = sourcecode.swift; path = WeatherSwiftUIApp.swift; sourceTree = "<group>"; };
		A50ED9A22BF239F800C7AE21 /* ContentView.swift */ = {isa = PBXFileReference; lastKnownFileType = sourcecode.swift; path = ContentView.swift; sourceTree = "<group>"; };
		A50ED9A42BF239FB00C7AE21 /* Assets.xcassets */ = {isa = PBXFileReference; lastKnownFileType = folder.assetcatalog; path = Assets.xcassets; sourceTree = "<group>"; };
		A50ED9A72BF239FB00C7AE21 /* Preview Assets.xcassets */ = {isa = PBXFileReference; lastKnownFileType = folder.assetcatalog; path = "Preview Assets.xcassets"; sourceTree = "<group>"; };
		A50ED9AD2BF239FB00C7AE21 /* WeatherSwiftUITests.xctest */ = {isa = PBXFileReference; explicitFileType = wrapper.cfbundle; includeInIndex = 0; path = WeatherSwiftUITests.xctest; sourceTree = BUILT_PRODUCTS_DIR; };
		A50ED9B12BF239FB00C7AE21 /* WeatherSwiftUITests.swift */ = {isa = PBXFileReference; lastKnownFileType = sourcecode.swift; path = WeatherSwiftUITests.swift; sourceTree = "<group>"; };
		A50ED9B72BF239FB00C7AE21 /* WeatherSwiftUIUITests.xctest */ = {isa = PBXFileReference; explicitFileType = wrapper.cfbundle; includeInIndex = 0; path = WeatherSwiftUIUITests.xctest; sourceTree = BUILT_PRODUCTS_DIR; };
		A50ED9BB2BF239FB00C7AE21 /* WeatherSwiftUIUITests.swift */ = {isa = PBXFileReference; lastKnownFileType = sourcecode.swift; path = WeatherSwiftUIUITests.swift; sourceTree = "<group>"; };
		A50ED9BD2BF239FB00C7AE21 /* WeatherSwiftUIUITestsLaunchTests.swift */ = {isa = PBXFileReference; lastKnownFileType = sourcecode.swift; path = WeatherSwiftUIUITestsLaunchTests.swift; sourceTree = "<group>"; };
		A5104FFD2BF26AA700417FFB /* CommonView.swift */ = {isa = PBXFileReference; lastKnownFileType = sourcecode.swift; path = CommonView.swift; sourceTree = "<group>"; };
		A59B6ABE2BF511A1004348E2 /* TodayForecastView.swift */ = {isa = PBXFileReference; lastKnownFileType = sourcecode.swift; path = TodayForecastView.swift; sourceTree = "<group>"; };
		A5C005D92BF6A1E200C1D0DA /* HourlyForecastViewModel.swift */ = {isa = PBXFileReference; lastKnownFileType = sourcecode.swift; path = HourlyForecastViewModel.swift; sourceTree = "<group>"; };
/* End PBXFileReference section */

/* Begin PBXFrameworksBuildPhase section */
		A50ED99A2BF239F800C7AE21 /* Frameworks */ = {
			isa = PBXFrameworksBuildPhase;
			buildActionMask = 2147483647;
			files = (
			);
			runOnlyForDeploymentPostprocessing = 0;
		};
		A50ED9AA2BF239FB00C7AE21 /* Frameworks */ = {
			isa = PBXFrameworksBuildPhase;
			buildActionMask = 2147483647;
			files = (
			);
			runOnlyForDeploymentPostprocessing = 0;
		};
		A50ED9B42BF239FB00C7AE21 /* Frameworks */ = {
			isa = PBXFrameworksBuildPhase;
			buildActionMask = 2147483647;
			files = (
			);
			runOnlyForDeploymentPostprocessing = 0;
		};
/* End PBXFrameworksBuildPhase section */

/* Begin PBXGroup section */
		A50ED9942BF239F800C7AE21 = {
			isa = PBXGroup;
			children = (
				A50ED99F2BF239F800C7AE21 /* WeatherSwiftUI */,
				A50ED9B02BF239FB00C7AE21 /* WeatherSwiftUITests */,
				A50ED9BA2BF239FB00C7AE21 /* WeatherSwiftUIUITests */,
				A50ED99E2BF239F800C7AE21 /* Products */,
			);
			sourceTree = "<group>";
		};
		A50ED99E2BF239F800C7AE21 /* Products */ = {
			isa = PBXGroup;
			children = (
				A50ED99D2BF239F800C7AE21 /* WeatherSwiftUI.app */,
				A50ED9AD2BF239FB00C7AE21 /* WeatherSwiftUITests.xctest */,
				A50ED9B72BF239FB00C7AE21 /* WeatherSwiftUIUITests.xctest */,
			);
			name = Products;
			sourceTree = "<group>";
		};
		A50ED99F2BF239F800C7AE21 /* WeatherSwiftUI */ = {
			isa = PBXGroup;
			children = (
				A5C005D82BF6A1C500C1D0DA /* ViewModels */,
				A5C005D52BF65FB400C1D0DA /* Models */,
				A59B6AC22BF512F7004348E2 /* Views */,
				A50ED9A02BF239F800C7AE21 /* WeatherSwiftUIApp.swift */,
				A50ED9A42BF239FB00C7AE21 /* Assets.xcassets */,
				A50ED9A62BF239FB00C7AE21 /* Preview Content */,
			);
			path = WeatherSwiftUI;
			sourceTree = "<group>";
		};
		A50ED9A62BF239FB00C7AE21 /* Preview Content */ = {
			isa = PBXGroup;
			children = (
				A50ED9A72BF239FB00C7AE21 /* Preview Assets.xcassets */,
			);
			path = "Preview Content";
			sourceTree = "<group>";
		};
		A50ED9B02BF239FB00C7AE21 /* WeatherSwiftUITests */ = {
			isa = PBXGroup;
			children = (
				A50ED9B12BF239FB00C7AE21 /* WeatherSwiftUITests.swift */,
			);
			path = WeatherSwiftUITests;
			sourceTree = "<group>";
		};
		A50ED9BA2BF239FB00C7AE21 /* WeatherSwiftUIUITests */ = {
			isa = PBXGroup;
			children = (
				A50ED9BB2BF239FB00C7AE21 /* WeatherSwiftUIUITests.swift */,
				A50ED9BD2BF239FB00C7AE21 /* WeatherSwiftUIUITestsLaunchTests.swift */,
			);
			path = WeatherSwiftUIUITests;
			sourceTree = "<group>";
		};
		A59B6AC22BF512F7004348E2 /* Views */ = {
			isa = PBXGroup;
			children = (
				A50ED9A22BF239F800C7AE21 /* ContentView.swift */,
				A59B6ABE2BF511A1004348E2 /* TodayForecastView.swift */,
				A5104FFD2BF26AA700417FFB /* CommonView.swift */,
			);
			path = Views;
			sourceTree = "<group>";
		};
		A5C005D52BF65FB400C1D0DA /* Models */ = {
			isa = PBXGroup;
			children = (
			);
			path = Models;
			sourceTree = "<group>";
		};
		A5C005D82BF6A1C500C1D0DA /* ViewModels */ = {
			isa = PBXGroup;
			children = (
				A5C005D92BF6A1E200C1D0DA /* HourlyForecastViewModel.swift */,
			);
			path = ViewModels;
			sourceTree = "<group>";
		};
/* End PBXGroup section */

/* Begin PBXNativeTarget section */
		A50ED99C2BF239F800C7AE21 /* WeatherSwiftUI */ = {
			isa = PBXNativeTarget;
			buildConfigurationList = A50ED9C12BF239FB00C7AE21 /* Build configuration list for PBXNativeTarget "WeatherSwiftUI" */;
			buildPhases = (
				A50ED9992BF239F800C7AE21 /* Sources */,
				A50ED99A2BF239F800C7AE21 /* Frameworks */,
				A50ED99B2BF239F800C7AE21 /* Resources */,
			);
			buildRules = (
			);
			dependencies = (
			);
			name = WeatherSwiftUI;
			productName = WeatherSwiftUI;
			productReference = A50ED99D2BF239F800C7AE21 /* WeatherSwiftUI.app */;
			productType = "com.apple.product-type.application";
		};
		A50ED9AC2BF239FB00C7AE21 /* WeatherSwiftUITests */ = {
			isa = PBXNativeTarget;
			buildConfigurationList = A50ED9C42BF239FB00C7AE21 /* Build configuration list for PBXNativeTarget "WeatherSwiftUITests" */;
			buildPhases = (
				A50ED9A92BF239FB00C7AE21 /* Sources */,
				A50ED9AA2BF239FB00C7AE21 /* Frameworks */,
				A50ED9AB2BF239FB00C7AE21 /* Resources */,
			);
			buildRules = (
			);
			dependencies = (
				A50ED9AF2BF239FB00C7AE21 /* PBXTargetDependency */,
			);
			name = WeatherSwiftUITests;
			productName = WeatherSwiftUITests;
			productReference = A50ED9AD2BF239FB00C7AE21 /* WeatherSwiftUITests.xctest */;
			productType = "com.apple.product-type.bundle.unit-test";
		};
		A50ED9B62BF239FB00C7AE21 /* WeatherSwiftUIUITests */ = {
			isa = PBXNativeTarget;
			buildConfigurationList = A50ED9C72BF239FB00C7AE21 /* Build configuration list for PBXNativeTarget "WeatherSwiftUIUITests" */;
			buildPhases = (
				A50ED9B32BF239FB00C7AE21 /* Sources */,
				A50ED9B42BF239FB00C7AE21 /* Frameworks */,
				A50ED9B52BF239FB00C7AE21 /* Resources */,
			);
			buildRules = (
			);
			dependencies = (
				A50ED9B92BF239FB00C7AE21 /* PBXTargetDependency */,
			);
			name = WeatherSwiftUIUITests;
			productName = WeatherSwiftUIUITests;
			productReference = A50ED9B72BF239FB00C7AE21 /* WeatherSwiftUIUITests.xctest */;
			productType = "com.apple.product-type.bundle.ui-testing";
		};
/* End PBXNativeTarget section */

/* Begin PBXProject section */
		A50ED9952BF239F800C7AE21 /* Project object */ = {
			isa = PBXProject;
			attributes = {
				BuildIndependentTargetsInParallel = 1;
				LastSwiftUpdateCheck = 1530;
				LastUpgradeCheck = 1530;
				TargetAttributes = {
					A50ED99C2BF239F800C7AE21 = {
						CreatedOnToolsVersion = 15.3;
					};
					A50ED9AC2BF239FB00C7AE21 = {
						CreatedOnToolsVersion = 15.3;
						TestTargetID = A50ED99C2BF239F800C7AE21;
					};
					A50ED9B62BF239FB00C7AE21 = {
						CreatedOnToolsVersion = 15.3;
						TestTargetID = A50ED99C2BF239F800C7AE21;
					};
				};
			};
			buildConfigurationList = A50ED9982BF239F800C7AE21 /* Build configuration list for PBXProject "WeatherSwiftUI" */;
			compatibilityVersion = "Xcode 14.0";
			developmentRegion = en;
			hasScannedForEncodings = 0;
			knownRegions = (
				en,
				Base,
			);
			mainGroup = A50ED9942BF239F800C7AE21;
			productRefGroup = A50ED99E2BF239F800C7AE21 /* Products */;
			projectDirPath = "";
			projectRoot = "";
			targets = (
				A50ED99C2BF239F800C7AE21 /* WeatherSwiftUI */,
				A50ED9AC2BF239FB00C7AE21 /* WeatherSwiftUITests */,
				A50ED9B62BF239FB00C7AE21 /* WeatherSwiftUIUITests */,
			);
		};
/* End PBXProject section */

/* Begin PBXResourcesBuildPhase section */
		A50ED99B2BF239F800C7AE21 /* Resources */ = {
			isa = PBXResourcesBuildPhase;
			buildActionMask = 2147483647;
			files = (
				A50ED9A82BF239FB00C7AE21 /* Preview Assets.xcassets in Resources */,
				A50ED9A52BF239FB00C7AE21 /* Assets.xcassets in Resources */,
			);
			runOnlyForDeploymentPostprocessing = 0;
		};
		A50ED9AB2BF239FB00C7AE21 /* Resources */ = {
			isa = PBXResourcesBuildPhase;
			buildActionMask = 2147483647;
			files = (
			);
			runOnlyForDeploymentPostprocessing = 0;
		};
		A50ED9B52BF239FB00C7AE21 /* Resources */ = {
			isa = PBXResourcesBuildPhase;
			buildActionMask = 2147483647;
			files = (
			);
			runOnlyForDeploymentPostprocessing = 0;
		};
/* End PBXResourcesBuildPhase section */

/* Begin PBXSourcesBuildPhase section */
		A50ED9992BF239F800C7AE21 /* Sources */ = {
			isa = PBXSourcesBuildPhase;
			buildActionMask = 2147483647;
			files = (
				A5C005DA2BF6A1E200C1D0DA /* HourlyForecastViewModel.swift in Sources */,
				A50ED9A32BF239F800C7AE21 /* ContentView.swift in Sources */,
				A59B6ABF2BF511A1004348E2 /* TodayForecastView.swift in Sources */,
				A50ED9A12BF239F800C7AE21 /* WeatherSwiftUIApp.swift in Sources */,
				A5104FFE2BF26AA700417FFB /* CommonView.swift in Sources */,
			);
			runOnlyForDeploymentPostprocessing = 0;
		};
		A50ED9A92BF239FB00C7AE21 /* Sources */ = {
			isa = PBXSourcesBuildPhase;
			buildActionMask = 2147483647;
			files = (
				A50ED9B22BF239FB00C7AE21 /* WeatherSwiftUITests.swift in Sources */,
			);
			runOnlyForDeploymentPostprocessing = 0;
		};
		A50ED9B32BF239FB00C7AE21 /* Sources */ = {
			isa = PBXSourcesBuildPhase;
			buildActionMask = 2147483647;
			files = (
				A50ED9BC2BF239FB00C7AE21 /* WeatherSwiftUIUITests.swift in Sources */,
				A50ED9BE2BF239FB00C7AE21 /* WeatherSwiftUIUITestsLaunchTests.swift in Sources */,
			);
			runOnlyForDeploymentPostprocessing = 0;
		};
/* End PBXSourcesBuildPhase section */

/* Begin PBXTargetDependency section */
		A50ED9AF2BF239FB00C7AE21 /* PBXTargetDependency */ = {
			isa = PBXTargetDependency;
			target = A50ED99C2BF239F800C7AE21 /* WeatherSwiftUI */;
			targetProxy = A50ED9AE2BF239FB00C7AE21 /* PBXContainerItemProxy */;
		};
		A50ED9B92BF239FB00C7AE21 /* PBXTargetDependency */ = {
			isa = PBXTargetDependency;
			target = A50ED99C2BF239F800C7AE21 /* WeatherSwiftUI */;
			targetProxy = A50ED9B82BF239FB00C7AE21 /* PBXContainerItemProxy */;
		};
/* End PBXTargetDependency section */

/* Begin XCBuildConfiguration section */
		A50ED9BF2BF239FB00C7AE21 /* Debug */ = {
			isa = XCBuildConfiguration;
			buildSettings = {
				ALWAYS_SEARCH_USER_PATHS = NO;
				ASSETCATALOG_COMPILER_GENERATE_SWIFT_ASSET_SYMBOL_EXTENSIONS = YES;
				CLANG_ANALYZER_NONNULL = YES;
				CLANG_ANALYZER_NUMBER_OBJECT_CONVERSION = YES_AGGRESSIVE;
				CLANG_CXX_LANGUAGE_STANDARD = "gnu++20";
				CLANG_ENABLE_MODULES = YES;
				CLANG_ENABLE_OBJC_ARC = YES;
				CLANG_ENABLE_OBJC_WEAK = YES;
				CLANG_WARN_BLOCK_CAPTURE_AUTORELEASING = YES;
				CLANG_WARN_BOOL_CONVERSION = YES;
				CLANG_WARN_COMMA = YES;
				CLANG_WARN_CONSTANT_CONVERSION = YES;
				CLANG_WARN_DEPRECATED_OBJC_IMPLEMENTATIONS = YES;
				CLANG_WARN_DIRECT_OBJC_ISA_USAGE = YES_ERROR;
				CLANG_WARN_DOCUMENTATION_COMMENTS = YES;
				CLANG_WARN_EMPTY_BODY = YES;
				CLANG_WARN_ENUM_CONVERSION = YES;
				CLANG_WARN_INFINITE_RECURSION = YES;
				CLANG_WARN_INT_CONVERSION = YES;
				CLANG_WARN_NON_LITERAL_NULL_CONVERSION = YES;
				CLANG_WARN_OBJC_IMPLICIT_RETAIN_SELF = YES;
				CLANG_WARN_OBJC_LITERAL_CONVERSION = YES;
				CLANG_WARN_OBJC_ROOT_CLASS = YES_ERROR;
				CLANG_WARN_QUOTED_INCLUDE_IN_FRAMEWORK_HEADER = YES;
				CLANG_WARN_RANGE_LOOP_ANALYSIS = YES;
				CLANG_WARN_STRICT_PROTOTYPES = YES;
				CLANG_WARN_SUSPICIOUS_MOVE = YES;
				CLANG_WARN_UNGUARDED_AVAILABILITY = YES_AGGRESSIVE;
				CLANG_WARN_UNREACHABLE_CODE = YES;
				CLANG_WARN__DUPLICATE_METHOD_MATCH = YES;
				COPY_PHASE_STRIP = NO;
				DEBUG_INFORMATION_FORMAT = dwarf;
				ENABLE_STRICT_OBJC_MSGSEND = YES;
				ENABLE_TESTABILITY = YES;
				ENABLE_USER_SCRIPT_SANDBOXING = YES;
				GCC_C_LANGUAGE_STANDARD = gnu17;
				GCC_DYNAMIC_NO_PIC = NO;
				GCC_NO_COMMON_BLOCKS = YES;
				GCC_OPTIMIZATION_LEVEL = 0;
				GCC_PREPROCESSOR_DEFINITIONS = (
					"DEBUG=1",
					"$(inherited)",
				);
				GCC_WARN_64_TO_32_BIT_CONVERSION = YES;
				GCC_WARN_ABOUT_RETURN_TYPE = YES_ERROR;
				GCC_WARN_UNDECLARED_SELECTOR = YES;
				GCC_WARN_UNINITIALIZED_AUTOS = YES_AGGRESSIVE;
				GCC_WARN_UNUSED_FUNCTION = YES;
				GCC_WARN_UNUSED_VARIABLE = YES;
				IPHONEOS_DEPLOYMENT_TARGET = 17.4;
				LOCALIZATION_PREFERS_STRING_CATALOGS = YES;
				MTL_ENABLE_DEBUG_INFO = INCLUDE_SOURCE;
				MTL_FAST_MATH = YES;
				ONLY_ACTIVE_ARCH = YES;
				SDKROOT = iphoneos;
				SWIFT_ACTIVE_COMPILATION_CONDITIONS = "DEBUG $(inherited)";
				SWIFT_OPTIMIZATION_LEVEL = "-Onone";
			};
			name = Debug;
		};
		A50ED9C02BF239FB00C7AE21 /* Release */ = {
			isa = XCBuildConfiguration;
			buildSettings = {
				ALWAYS_SEARCH_USER_PATHS = NO;
				ASSETCATALOG_COMPILER_GENERATE_SWIFT_ASSET_SYMBOL_EXTENSIONS = YES;
				CLANG_ANALYZER_NONNULL = YES;
				CLANG_ANALYZER_NUMBER_OBJECT_CONVERSION = YES_AGGRESSIVE;
				CLANG_CXX_LANGUAGE_STANDARD = "gnu++20";
				CLANG_ENABLE_MODULES = YES;
				CLANG_ENABLE_OBJC_ARC = YES;
				CLANG_ENABLE_OBJC_WEAK = YES;
				CLANG_WARN_BLOCK_CAPTURE_AUTORELEASING = YES;
				CLANG_WARN_BOOL_CONVERSION = YES;
				CLANG_WARN_COMMA = YES;
				CLANG_WARN_CONSTANT_CONVERSION = YES;
				CLANG_WARN_DEPRECATED_OBJC_IMPLEMENTATIONS = YES;
				CLANG_WARN_DIRECT_OBJC_ISA_USAGE = YES_ERROR;
				CLANG_WARN_DOCUMENTATION_COMMENTS = YES;
				CLANG_WARN_EMPTY_BODY = YES;
				CLANG_WARN_ENUM_CONVERSION = YES;
				CLANG_WARN_INFINITE_RECURSION = YES;
				CLANG_WARN_INT_CONVERSION = YES;
				CLANG_WARN_NON_LITERAL_NULL_CONVERSION = YES;
				CLANG_WARN_OBJC_IMPLICIT_RETAIN_SELF = YES;
				CLANG_WARN_OBJC_LITERAL_CONVERSION = YES;
				CLANG_WARN_OBJC_ROOT_CLASS = YES_ERROR;
				CLANG_WARN_QUOTED_INCLUDE_IN_FRAMEWORK_HEADER = YES;
				CLANG_WARN_RANGE_LOOP_ANALYSIS = YES;
				CLANG_WARN_STRICT_PROTOTYPES = YES;
				CLANG_WARN_SUSPICIOUS_MOVE = YES;
				CLANG_WARN_UNGUARDED_AVAILABILITY = YES_AGGRESSIVE;
				CLANG_WARN_UNREACHABLE_CODE = YES;
				CLANG_WARN__DUPLICATE_METHOD_MATCH = YES;
				COPY_PHASE_STRIP = NO;
				DEBUG_INFORMATION_FORMAT = "dwarf-with-dsym";
				ENABLE_NS_ASSERTIONS = NO;
				ENABLE_STRICT_OBJC_MSGSEND = YES;
				ENABLE_USER_SCRIPT_SANDBOXING = YES;
				GCC_C_LANGUAGE_STANDARD = gnu17;
				GCC_NO_COMMON_BLOCKS = YES;
				GCC_WARN_64_TO_32_BIT_CONVERSION = YES;
				GCC_WARN_ABOUT_RETURN_TYPE = YES_ERROR;
				GCC_WARN_UNDECLARED_SELECTOR = YES;
				GCC_WARN_UNINITIALIZED_AUTOS = YES_AGGRESSIVE;
				GCC_WARN_UNUSED_FUNCTION = YES;
				GCC_WARN_UNUSED_VARIABLE = YES;
				IPHONEOS_DEPLOYMENT_TARGET = 17.4;
				LOCALIZATION_PREFERS_STRING_CATALOGS = YES;
				MTL_ENABLE_DEBUG_INFO = NO;
				MTL_FAST_MATH = YES;
				SDKROOT = iphoneos;
				SWIFT_COMPILATION_MODE = wholemodule;
				VALIDATE_PRODUCT = YES;
			};
			name = Release;
		};
		A50ED9C22BF239FB00C7AE21 /* Debug */ = {
			isa = XCBuildConfiguration;
			buildSettings = {
				ASSETCATALOG_COMPILER_APPICON_NAME = AppIcon;
				ASSETCATALOG_COMPILER_GLOBAL_ACCENT_COLOR_NAME = AccentColor;
				CODE_SIGN_STYLE = Automatic;
				CURRENT_PROJECT_VERSION = 1;
				DEVELOPMENT_ASSET_PATHS = "\"WeatherSwiftUI/Preview Content\"";
				DEVELOPMENT_TEAM = WDNNR82432;
				ENABLE_PREVIEWS = YES;
				GENERATE_INFOPLIST_FILE = YES;
				INFOPLIST_KEY_UIApplicationSceneManifest_Generation = YES;
				INFOPLIST_KEY_UIApplicationSupportsIndirectInputEvents = YES;
				INFOPLIST_KEY_UILaunchScreen_Generation = YES;
				INFOPLIST_KEY_UISupportedInterfaceOrientations_iPad = "UIInterfaceOrientationPortrait UIInterfaceOrientationPortraitUpsideDown UIInterfaceOrientationLandscapeLeft UIInterfaceOrientationLandscapeRight";
				INFOPLIST_KEY_UISupportedInterfaceOrientations_iPhone = "UIInterfaceOrientationPortrait UIInterfaceOrientationLandscapeLeft UIInterfaceOrientationLandscapeRight";
				LD_RUNPATH_SEARCH_PATHS = (
					"$(inherited)",
					"@executable_path/Frameworks",
				);
				MARKETING_VERSION = 1.0;
				PRODUCT_BUNDLE_IDENTIFIER = com.vasilenko.WeatherSwiftUI;
				PRODUCT_NAME = "$(TARGET_NAME)";
				SWIFT_EMIT_LOC_STRINGS = YES;
				SWIFT_VERSION = 5.0;
				TARGETED_DEVICE_FAMILY = "1,2";
			};
			name = Debug;
		};
		A50ED9C32BF239FB00C7AE21 /* Release */ = {
			isa = XCBuildConfiguration;
			buildSettings = {
				ASSETCATALOG_COMPILER_APPICON_NAME = AppIcon;
				ASSETCATALOG_COMPILER_GLOBAL_ACCENT_COLOR_NAME = AccentColor;
				CODE_SIGN_STYLE = Automatic;
				CURRENT_PROJECT_VERSION = 1;
				DEVELOPMENT_ASSET_PATHS = "\"WeatherSwiftUI/Preview Content\"";
				DEVELOPMENT_TEAM = WDNNR82432;
				ENABLE_PREVIEWS = YES;
				GENERATE_INFOPLIST_FILE = YES;
				INFOPLIST_KEY_UIApplicationSceneManifest_Generation = YES;
				INFOPLIST_KEY_UIApplicationSupportsIndirectInputEvents = YES;
				INFOPLIST_KEY_UILaunchScreen_Generation = YES;
				INFOPLIST_KEY_UISupportedInterfaceOrientations_iPad = "UIInterfaceOrientationPortrait UIInterfaceOrientationPortraitUpsideDown UIInterfaceOrientationLandscapeLeft UIInterfaceOrientationLandscapeRight";
				INFOPLIST_KEY_UISupportedInterfaceOrientations_iPhone = "UIInterfaceOrientationPortrait UIInterfaceOrientationLandscapeLeft UIInterfaceOrientationLandscapeRight";
				LD_RUNPATH_SEARCH_PATHS = (
					"$(inherited)",
					"@executable_path/Frameworks",
				);
				MARKETING_VERSION = 1.0;
				PRODUCT_BUNDLE_IDENTIFIER = com.vasilenko.WeatherSwiftUI;
				PRODUCT_NAME = "$(TARGET_NAME)";
				SWIFT_EMIT_LOC_STRINGS = YES;
				SWIFT_VERSION = 5.0;
				TARGETED_DEVICE_FAMILY = "1,2";
			};
			name = Release;
		};
		A50ED9C52BF239FB00C7AE21 /* Debug */ = {
			isa = XCBuildConfiguration;
			buildSettings = {
				ALWAYS_EMBED_SWIFT_STANDARD_LIBRARIES = YES;
				BUNDLE_LOADER = "$(TEST_HOST)";
				CODE_SIGN_STYLE = Automatic;
				CURRENT_PROJECT_VERSION = 1;
				DEVELOPMENT_TEAM = WDNNR82432;
				GENERATE_INFOPLIST_FILE = YES;
				IPHONEOS_DEPLOYMENT_TARGET = 17.4;
				MARKETING_VERSION = 1.0;
				PRODUCT_BUNDLE_IDENTIFIER = com.vasilenko.WeatherSwiftUITests;
				PRODUCT_NAME = "$(TARGET_NAME)";
				SWIFT_EMIT_LOC_STRINGS = NO;
				SWIFT_VERSION = 5.0;
				TARGETED_DEVICE_FAMILY = "1,2";
				TEST_HOST = "$(BUILT_PRODUCTS_DIR)/WeatherSwiftUI.app/$(BUNDLE_EXECUTABLE_FOLDER_PATH)/WeatherSwiftUI";
			};
			name = Debug;
		};
		A50ED9C62BF239FB00C7AE21 /* Release */ = {
			isa = XCBuildConfiguration;
			buildSettings = {
				ALWAYS_EMBED_SWIFT_STANDARD_LIBRARIES = YES;
				BUNDLE_LOADER = "$(TEST_HOST)";
				CODE_SIGN_STYLE = Automatic;
				CURRENT_PROJECT_VERSION = 1;
				DEVELOPMENT_TEAM = WDNNR82432;
				GENERATE_INFOPLIST_FILE = YES;
				IPHONEOS_DEPLOYMENT_TARGET = 17.4;
				MARKETING_VERSION = 1.0;
				PRODUCT_BUNDLE_IDENTIFIER = com.vasilenko.WeatherSwiftUITests;
				PRODUCT_NAME = "$(TARGET_NAME)";
				SWIFT_EMIT_LOC_STRINGS = NO;
				SWIFT_VERSION = 5.0;
				TARGETED_DEVICE_FAMILY = "1,2";
				TEST_HOST = "$(BUILT_PRODUCTS_DIR)/WeatherSwiftUI.app/$(BUNDLE_EXECUTABLE_FOLDER_PATH)/WeatherSwiftUI";
			};
			name = Release;
		};
		A50ED9C82BF239FB00C7AE21 /* Debug */ = {
			isa = XCBuildConfiguration;
			buildSettings = {
				ALWAYS_EMBED_SWIFT_STANDARD_LIBRARIES = YES;
				CODE_SIGN_STYLE = Automatic;
				CURRENT_PROJECT_VERSION = 1;
				DEVELOPMENT_TEAM = WDNNR82432;
				GENERATE_INFOPLIST_FILE = YES;
				MARKETING_VERSION = 1.0;
				PRODUCT_BUNDLE_IDENTIFIER = com.vasilenko.WeatherSwiftUIUITests;
				PRODUCT_NAME = "$(TARGET_NAME)";
				SWIFT_EMIT_LOC_STRINGS = NO;
				SWIFT_VERSION = 5.0;
				TARGETED_DEVICE_FAMILY = "1,2";
				TEST_TARGET_NAME = WeatherSwiftUI;
			};
			name = Debug;
		};
		A50ED9C92BF239FB00C7AE21 /* Release */ = {
			isa = XCBuildConfiguration;
			buildSettings = {
				ALWAYS_EMBED_SWIFT_STANDARD_LIBRARIES = YES;
				CODE_SIGN_STYLE = Automatic;
				CURRENT_PROJECT_VERSION = 1;
				DEVELOPMENT_TEAM = WDNNR82432;
				GENERATE_INFOPLIST_FILE = YES;
				MARKETING_VERSION = 1.0;
				PRODUCT_BUNDLE_IDENTIFIER = com.vasilenko.WeatherSwiftUIUITests;
				PRODUCT_NAME = "$(TARGET_NAME)";
				SWIFT_EMIT_LOC_STRINGS = NO;
				SWIFT_VERSION = 5.0;
				TARGETED_DEVICE_FAMILY = "1,2";
				TEST_TARGET_NAME = WeatherSwiftUI;
			};
			name = Release;
		};
/* End XCBuildConfiguration section */

/* Begin XCConfigurationList section */
		A50ED9982BF239F800C7AE21 /* Build configuration list for PBXProject "WeatherSwiftUI" */ = {
			isa = XCConfigurationList;
			buildConfigurations = (
				A50ED9BF2BF239FB00C7AE21 /* Debug */,
				A50ED9C02BF239FB00C7AE21 /* Release */,
			);
			defaultConfigurationIsVisible = 0;
			defaultConfigurationName = Release;
		};
		A50ED9C12BF239FB00C7AE21 /* Build configuration list for PBXNativeTarget "WeatherSwiftUI" */ = {
			isa = XCConfigurationList;
			buildConfigurations = (
				A50ED9C22BF239FB00C7AE21 /* Debug */,
				A50ED9C32BF239FB00C7AE21 /* Release */,
			);
			defaultConfigurationIsVisible = 0;
			defaultConfigurationName = Release;
		};
		A50ED9C42BF239FB00C7AE21 /* Build configuration list for PBXNativeTarget "WeatherSwiftUITests" */ = {
			isa = XCConfigurationList;
			buildConfigurations = (
				A50ED9C52BF239FB00C7AE21 /* Debug */,
				A50ED9C62BF239FB00C7AE21 /* Release */,
			);
			defaultConfigurationIsVisible = 0;
			defaultConfigurationName = Release;
		};
		A50ED9C72BF239FB00C7AE21 /* Build configuration list for PBXNativeTarget "WeatherSwiftUIUITests" */ = {
			isa = XCConfigurationList;
			buildConfigurations = (
				A50ED9C82BF239FB00C7AE21 /* Debug */,
				A50ED9C92BF239FB00C7AE21 /* Release */,
			);
			defaultConfigurationIsVisible = 0;
			defaultConfigurationName = Release;
		};
/* End XCConfigurationList section */
	};
	rootObject = A50ED9952BF239F800C7AE21 /* Project object */;
}
